// !$*UTF8*$!
{
	archiveVersion = 1;
	classes = {
	};
	objectVersion = 55;
	objects = {

/* Begin PBXBuildFile section */
		030F630B276137130069425F /* NewsViewController.swift in Sources */ = {isa = PBXBuildFile; fileRef = 030F630A276137130069425F /* NewsViewController.swift */; };
		031AE0A2275CD7670036A9C3 /* LikeController.swift in Sources */ = {isa = PBXBuildFile; fileRef = 031AE0A1275CD7670036A9C3 /* LikeController.swift */; };
		031AE0A6275CE8F00036A9C3 /* LikeController.xib in Resources */ = {isa = PBXBuildFile; fileRef = 031AE0A5275CE8F00036A9C3 /* LikeController.xib */; };
		03370C8D2756AE220056B659 /* GalleryViewController.swift in Sources */ = {isa = PBXBuildFile; fileRef = 03370C8C2756AE220056B659 /* GalleryViewController.swift */; };
		03370C922756AF990056B659 /* GalleryVC+SourceData.swift in Sources */ = {isa = PBXBuildFile; fileRef = 03370C912756AF990056B659 /* GalleryVC+SourceData.swift */; };
		03370C962756B1650056B659 /* GalleryCell.swift in Sources */ = {isa = PBXBuildFile; fileRef = 03370C942756B1650056B659 /* GalleryCell.swift */; };
		03370C972756B1660056B659 /* GalleryCell.xib in Resources */ = {isa = PBXBuildFile; fileRef = 03370C952756B1650056B659 /* GalleryCell.xib */; };
		03370C992756B8EE0056B659 /* GalleryVC+UICollectionViewDelegateFlowLayout.swift in Sources */ = {isa = PBXBuildFile; fileRef = 03370C982756B8EE0056B659 /* GalleryVC+UICollectionViewDelegateFlowLayout.swift */; };
		03370C9B2756BACE0056B659 /* GalleryVC+Delegate.swift in Sources */ = {isa = PBXBuildFile; fileRef = 03370C9A2756BACE0056B659 /* GalleryVC+Delegate.swift */; };
		03370CA02757ABF40056B659 /* UserGalleryBigPicture.swift in Sources */ = {isa = PBXBuildFile; fileRef = 03370C9F2757ABF40056B659 /* UserGalleryBigPicture.swift */; };
		03370CA22757AF270056B659 /* UserGalleryBigPictureVC+SourceData.swift in Sources */ = {isa = PBXBuildFile; fileRef = 03370CA12757AF270056B659 /* UserGalleryBigPictureVC+SourceData.swift */; };
		0339BB132771F15300189098 /* SingletonViewController.swift in Sources */ = {isa = PBXBuildFile; fileRef = 0339BB122771F15300189098 /* SingletonViewController.swift */; };
		033F1FB52741035C00C20077 /* AppDelegate.swift in Sources */ = {isa = PBXBuildFile; fileRef = 033F1FB42741035C00C20077 /* AppDelegate.swift */; };
		033F1FB72741035C00C20077 /* SceneDelegate.swift in Sources */ = {isa = PBXBuildFile; fileRef = 033F1FB62741035C00C20077 /* SceneDelegate.swift */; };
		033F1FB92741035C00C20077 /* ViewController.swift in Sources */ = {isa = PBXBuildFile; fileRef = 033F1FB82741035C00C20077 /* ViewController.swift */; };
		033F1FBC2741035C00C20077 /* Main.storyboard in Resources */ = {isa = PBXBuildFile; fileRef = 033F1FBA2741035C00C20077 /* Main.storyboard */; };
		033F1FBE2741035C00C20077 /* Assets.xcassets in Resources */ = {isa = PBXBuildFile; fileRef = 033F1FBD2741035C00C20077 /* Assets.xcassets */; };
		033F1FC12741035C00C20077 /* LaunchScreen.storyboard in Resources */ = {isa = PBXBuildFile; fileRef = 033F1FBF2741035C00C20077 /* LaunchScreen.storyboard */; };
		035176052767D0C40039CD04 /* UserGroupVC+NavigationControllerDeligate.swift in Sources */ = {isa = PBXBuildFile; fileRef = 035176042767D0C40039CD04 /* UserGroupVC+NavigationControllerDeligate.swift */; };
		035176072767D1BB0039CD04 /* CustomAnimationOpener.swift in Sources */ = {isa = PBXBuildFile; fileRef = 035176062767D1BB0039CD04 /* CustomAnimationOpener.swift */; };
		037E700B278453C60093D88B /* NetworkServicesVK.swift in Sources */ = {isa = PBXBuildFile; fileRef = 037E700A278453C60093D88B /* NetworkServicesVK.swift */; };
		0393725E27942FCE004C23A1 /* RealmServices.swift in Sources */ = {isa = PBXBuildFile; fileRef = 0393725D27942FCE004C23A1 /* RealmServices.swift */; };
		0393726027942FF3004C23A1 /* vkprintDataToConsole.swift in Sources */ = {isa = PBXBuildFile; fileRef = 0393725F27942FF3004C23A1 /* vkprintDataToConsole.swift */; };
		03937267279430D0004C23A1 /* Photo.swift in Sources */ = {isa = PBXBuildFile; fileRef = 03937261279430D0004C23A1 /* Photo.swift */; };
		03937268279430D0004C23A1 /* Session.swift in Sources */ = {isa = PBXBuildFile; fileRef = 03937262279430D0004C23A1 /* Session.swift */; };
		03937269279430D0004C23A1 /* Users.swift in Sources */ = {isa = PBXBuildFile; fileRef = 03937263279430D0004C23A1 /* Users.swift */; };
		0393726A279430D0004C23A1 /* Friends.swift in Sources */ = {isa = PBXBuildFile; fileRef = 03937264279430D0004C23A1 /* Friends.swift */; };
		0393726B279430D0004C23A1 /* Constants.swift in Sources */ = {isa = PBXBuildFile; fileRef = 03937265279430D0004C23A1 /* Constants.swift */; };
		0393726C279430D0004C23A1 /* Groups.swift in Sources */ = {isa = PBXBuildFile; fileRef = 03937266279430D0004C23A1 /* Groups.swift */; };
		0393727B2794334A004C23A1 /* Pods_VKInterface.framework in Frameworks */ = {isa = PBXBuildFile; fileRef = 60F8B0357A991A878D61B2B3 /* Pods_VKInterface.framework */; };
		0393727F2794335E004C23A1 /* SwiftyJSON in Frameworks */ = {isa = PBXBuildFile; productRef = 0393727E2794335E004C23A1 /* SwiftyJSON */; };
		039FCC512775DA0F007AD9D8 /* VKLoginScreenVC.swift in Sources */ = {isa = PBXBuildFile; fileRef = 039FCC502775DA0F007AD9D8 /* VKLoginScreenVC.swift */; };
		039FCC542775DDE5007AD9D8 /* VKLoginVC+WebViewDelegate.swift in Sources */ = {isa = PBXBuildFile; fileRef = 039FCC532775DDE5007AD9D8 /* VKLoginVC+WebViewDelegate.swift */; };
		039FCC5C2779FBF8007AD9D8 /* ObserverVC.swift in Sources */ = {isa = PBXBuildFile; fileRef = 039FCC5B2779FBF8007AD9D8 /* ObserverVC.swift */; };
		03BAC0D32753927B00A34E9C /* FriendsViewController.swift in Sources */ = {isa = PBXBuildFile; fileRef = 03BAC0D22753927B00A34E9C /* FriendsViewController.swift */; };
		03BAC0E12753940100A34E9C /* CustomTableViewCell.swift in Sources */ = {isa = PBXBuildFile; fileRef = 03BAC0DF2753940100A34E9C /* CustomTableViewCell.swift */; };
		03BAC0E22753940100A34E9C /* CustomTableViewCell.xib in Resources */ = {isa = PBXBuildFile; fileRef = 03BAC0E02753940100A34E9C /* CustomTableViewCell.xib */; };
		03BAC0E4275397ED00A34E9C /* FriendsVC+UITableViewDataSource.swift in Sources */ = {isa = PBXBuildFile; fileRef = 03BAC0E3275397ED00A34E9C /* FriendsVC+UITableViewDataSource.swift */; };
		03BAC0EB27539E9F00A34E9C /* FriendsVC+Delegate.swift in Sources */ = {isa = PBXBuildFile; fileRef = 03BAC0EA27539E9F00A34E9C /* FriendsVC+Delegate.swift */; };
		03BAC0EF2753B99A00A34E9C /* AddFriendViewController.swift in Sources */ = {isa = PBXBuildFile; fileRef = 03BAC0EE2753B99A00A34E9C /* AddFriendViewController.swift */; };
		03BAC0F52753CD5E00A34E9C /* UserGroupViewController.swift in Sources */ = {isa = PBXBuildFile; fileRef = 03BAC0F42753CD5E00A34E9C /* UserGroupViewController.swift */; };
		03BAC0F72753CD6C00A34E9C /* AllGroupsViewController.swift in Sources */ = {isa = PBXBuildFile; fileRef = 03BAC0F62753CD6C00A34E9C /* AllGroupsViewController.swift */; };
		03BAC0FB2753CE2D00A34E9C /* UserGroupVC+DataSource.swift in Sources */ = {isa = PBXBuildFile; fileRef = 03BAC0FA2753CE2D00A34E9C /* UserGroupVC+DataSource.swift */; };
		03BAC0FD2753CE3C00A34E9C /* UserGroupVC+Deligate.swift in Sources */ = {isa = PBXBuildFile; fileRef = 03BAC0FC2753CE3C00A34E9C /* UserGroupVC+Deligate.swift */; };
		03BAC0FF2753D1C100A34E9C /* AllGroupsVC+DataSource.swift in Sources */ = {isa = PBXBuildFile; fileRef = 03BAC0FE2753D1C100A34E9C /* AllGroupsVC+DataSource.swift */; };
		03BAC1012753D1D000A34E9C /* AllGroupsVC+Deligate.swift in Sources */ = {isa = PBXBuildFile; fileRef = 03BAC1002753D1D000A34E9C /* AllGroupsVC+Deligate.swift */; };
		03C7106D27410AC20000159F /* VK Sans.ttf in Resources */ = {isa = PBXBuildFile; fileRef = 03C7106C27410AC20000159F /* VK Sans.ttf */; };
		03C7108227412DB70000159F /* LoginScreenViewController.swift in Sources */ = {isa = PBXBuildFile; fileRef = 03C7108127412DB70000159F /* LoginScreenViewController.swift */; };
		03CEE6192794399300B2CF34 /* Realm in Frameworks */ = {isa = PBXBuildFile; productRef = 03CEE6182794399300B2CF34 /* Realm */; };
		03CEE61B2794399300B2CF34 /* RealmSwift in Frameworks */ = {isa = PBXBuildFile; productRef = 03CEE61A2794399300B2CF34 /* RealmSwift */; };
		03DBFAF627942BB30088F34E /* Alamofire in Frameworks */ = {isa = PBXBuildFile; productRef = 03DBFAF527942BB30088F34E /* Alamofire */; };
		03DBFAF927942BCE0088F34E /* Kingfisher in Frameworks */ = {isa = PBXBuildFile; productRef = 03DBFAF827942BCE0088F34E /* Kingfisher */; };
		03EFDBF32794376A0032A6D3 /* UIImage+Resize.swift in Sources */ = {isa = PBXBuildFile; fileRef = 03EFDBF22794376A0032A6D3 /* UIImage+Resize.swift */; };
		03F0462527612527000DBC23 /* FriendsVC+SearchBar+Delegate.swift in Sources */ = {isa = PBXBuildFile; fileRef = 03F0462427612527000DBC23 /* FriendsVC+SearchBar+Delegate.swift */; };
/* End PBXBuildFile section */

/* Begin PBXFileReference section */
		030F630A276137130069425F /* NewsViewController.swift */ = {isa = PBXFileReference; lastKnownFileType = sourcecode.swift; path = NewsViewController.swift; sourceTree = "<group>"; };
		031AE0A1275CD7670036A9C3 /* LikeController.swift */ = {isa = PBXFileReference; lastKnownFileType = sourcecode.swift; path = LikeController.swift; sourceTree = "<group>"; };
		031AE0A5275CE8F00036A9C3 /* LikeController.xib */ = {isa = PBXFileReference; lastKnownFileType = file.xib; path = LikeController.xib; sourceTree = "<group>"; };
		03370C8C2756AE220056B659 /* GalleryViewController.swift */ = {isa = PBXFileReference; lastKnownFileType = sourcecode.swift; path = GalleryViewController.swift; sourceTree = "<group>"; };
		03370C912756AF990056B659 /* GalleryVC+SourceData.swift */ = {isa = PBXFileReference; lastKnownFileType = sourcecode.swift; path = "GalleryVC+SourceData.swift"; sourceTree = "<group>"; };
		03370C942756B1650056B659 /* GalleryCell.swift */ = {isa = PBXFileReference; lastKnownFileType = sourcecode.swift; path = GalleryCell.swift; sourceTree = "<group>"; };
		03370C952756B1650056B659 /* GalleryCell.xib */ = {isa = PBXFileReference; lastKnownFileType = file.xib; path = GalleryCell.xib; sourceTree = "<group>"; };
		03370C982756B8EE0056B659 /* GalleryVC+UICollectionViewDelegateFlowLayout.swift */ = {isa = PBXFileReference; lastKnownFileType = sourcecode.swift; path = "GalleryVC+UICollectionViewDelegateFlowLayout.swift"; sourceTree = "<group>"; };
		03370C9A2756BACE0056B659 /* GalleryVC+Delegate.swift */ = {isa = PBXFileReference; lastKnownFileType = sourcecode.swift; path = "GalleryVC+Delegate.swift"; sourceTree = "<group>"; };
		03370C9F2757ABF40056B659 /* UserGalleryBigPicture.swift */ = {isa = PBXFileReference; lastKnownFileType = sourcecode.swift; path = UserGalleryBigPicture.swift; sourceTree = "<group>"; };
		03370CA12757AF270056B659 /* UserGalleryBigPictureVC+SourceData.swift */ = {isa = PBXFileReference; lastKnownFileType = sourcecode.swift; path = "UserGalleryBigPictureVC+SourceData.swift"; sourceTree = "<group>"; };
		0339BB122771F15300189098 /* SingletonViewController.swift */ = {isa = PBXFileReference; lastKnownFileType = sourcecode.swift; path = SingletonViewController.swift; sourceTree = "<group>"; };
		033F1FB12741035C00C20077 /* VKInterface.app */ = {isa = PBXFileReference; explicitFileType = wrapper.application; includeInIndex = 0; path = VKInterface.app; sourceTree = BUILT_PRODUCTS_DIR; };
		033F1FB42741035C00C20077 /* AppDelegate.swift */ = {isa = PBXFileReference; lastKnownFileType = sourcecode.swift; path = AppDelegate.swift; sourceTree = "<group>"; };
		033F1FB62741035C00C20077 /* SceneDelegate.swift */ = {isa = PBXFileReference; lastKnownFileType = sourcecode.swift; path = SceneDelegate.swift; sourceTree = "<group>"; };
		033F1FB82741035C00C20077 /* ViewController.swift */ = {isa = PBXFileReference; lastKnownFileType = sourcecode.swift; path = ViewController.swift; sourceTree = "<group>"; };
		033F1FBB2741035C00C20077 /* Base */ = {isa = PBXFileReference; lastKnownFileType = file.storyboard; name = Base; path = Base.lproj/Main.storyboard; sourceTree = "<group>"; };
		033F1FBD2741035C00C20077 /* Assets.xcassets */ = {isa = PBXFileReference; lastKnownFileType = folder.assetcatalog; path = Assets.xcassets; sourceTree = "<group>"; };
		033F1FC02741035C00C20077 /* Base */ = {isa = PBXFileReference; lastKnownFileType = file.storyboard; name = Base; path = Base.lproj/LaunchScreen.storyboard; sourceTree = "<group>"; };
		033F1FC22741035C00C20077 /* Info.plist */ = {isa = PBXFileReference; lastKnownFileType = text.plist.xml; path = Info.plist; sourceTree = "<group>"; };
		035176042767D0C40039CD04 /* UserGroupVC+NavigationControllerDeligate.swift */ = {isa = PBXFileReference; lastKnownFileType = sourcecode.swift; path = "UserGroupVC+NavigationControllerDeligate.swift"; sourceTree = "<group>"; };
		035176062767D1BB0039CD04 /* CustomAnimationOpener.swift */ = {isa = PBXFileReference; lastKnownFileType = sourcecode.swift; path = CustomAnimationOpener.swift; sourceTree = "<group>"; };
		037E700A278453C60093D88B /* NetworkServicesVK.swift */ = {isa = PBXFileReference; lastKnownFileType = sourcecode.swift; path = NetworkServicesVK.swift; sourceTree = "<group>"; };
		0393725D27942FCE004C23A1 /* RealmServices.swift */ = {isa = PBXFileReference; fileEncoding = 4; lastKnownFileType = sourcecode.swift; path = RealmServices.swift; sourceTree = "<group>"; };
		0393725F27942FF3004C23A1 /* vkprintDataToConsole.swift */ = {isa = PBXFileReference; fileEncoding = 4; lastKnownFileType = sourcecode.swift; path = vkprintDataToConsole.swift; sourceTree = "<group>"; };
		03937261279430D0004C23A1 /* Photo.swift */ = {isa = PBXFileReference; fileEncoding = 4; lastKnownFileType = sourcecode.swift; path = Photo.swift; sourceTree = "<group>"; };
		03937262279430D0004C23A1 /* Session.swift */ = {isa = PBXFileReference; fileEncoding = 4; lastKnownFileType = sourcecode.swift; path = Session.swift; sourceTree = "<group>"; };
		03937263279430D0004C23A1 /* Users.swift */ = {isa = PBXFileReference; fileEncoding = 4; lastKnownFileType = sourcecode.swift; path = Users.swift; sourceTree = "<group>"; };
		03937264279430D0004C23A1 /* Friends.swift */ = {isa = PBXFileReference; fileEncoding = 4; lastKnownFileType = sourcecode.swift; path = Friends.swift; sourceTree = "<group>"; };
		03937265279430D0004C23A1 /* Constants.swift */ = {isa = PBXFileReference; fileEncoding = 4; lastKnownFileType = sourcecode.swift; path = Constants.swift; sourceTree = "<group>"; };
		03937266279430D0004C23A1 /* Groups.swift */ = {isa = PBXFileReference; fileEncoding = 4; lastKnownFileType = sourcecode.swift; path = Groups.swift; sourceTree = "<group>"; };
		039FCC502775DA0F007AD9D8 /* VKLoginScreenVC.swift */ = {isa = PBXFileReference; lastKnownFileType = sourcecode.swift; path = VKLoginScreenVC.swift; sourceTree = "<group>"; xcLanguageSpecificationIdentifier = xcode.lang.swift; };
		039FCC532775DDE5007AD9D8 /* VKLoginVC+WebViewDelegate.swift */ = {isa = PBXFileReference; lastKnownFileType = sourcecode.swift; path = "VKLoginVC+WebViewDelegate.swift"; sourceTree = "<group>"; };
		039FCC5B2779FBF8007AD9D8 /* ObserverVC.swift */ = {isa = PBXFileReference; lastKnownFileType = sourcecode.swift; path = ObserverVC.swift; sourceTree = "<group>"; };
		03BAC0D22753927B00A34E9C /* FriendsViewController.swift */ = {isa = PBXFileReference; lastKnownFileType = sourcecode.swift; path = FriendsViewController.swift; sourceTree = "<group>"; };
		03BAC0DF2753940100A34E9C /* CustomTableViewCell.swift */ = {isa = PBXFileReference; lastKnownFileType = sourcecode.swift; path = CustomTableViewCell.swift; sourceTree = "<group>"; };
		03BAC0E02753940100A34E9C /* CustomTableViewCell.xib */ = {isa = PBXFileReference; lastKnownFileType = file.xib; path = CustomTableViewCell.xib; sourceTree = "<group>"; };
		03BAC0E3275397ED00A34E9C /* FriendsVC+UITableViewDataSource.swift */ = {isa = PBXFileReference; lastKnownFileType = sourcecode.swift; path = "FriendsVC+UITableViewDataSource.swift"; sourceTree = "<group>"; };
		03BAC0EA27539E9F00A34E9C /* FriendsVC+Delegate.swift */ = {isa = PBXFileReference; lastKnownFileType = sourcecode.swift; path = "FriendsVC+Delegate.swift"; sourceTree = "<group>"; };
		03BAC0EE2753B99A00A34E9C /* AddFriendViewController.swift */ = {isa = PBXFileReference; lastKnownFileType = sourcecode.swift; path = AddFriendViewController.swift; sourceTree = "<group>"; };
		03BAC0F42753CD5E00A34E9C /* UserGroupViewController.swift */ = {isa = PBXFileReference; lastKnownFileType = sourcecode.swift; path = UserGroupViewController.swift; sourceTree = "<group>"; };
		03BAC0F62753CD6C00A34E9C /* AllGroupsViewController.swift */ = {isa = PBXFileReference; lastKnownFileType = sourcecode.swift; path = AllGroupsViewController.swift; sourceTree = "<group>"; };
		03BAC0FA2753CE2D00A34E9C /* UserGroupVC+DataSource.swift */ = {isa = PBXFileReference; lastKnownFileType = sourcecode.swift; path = "UserGroupVC+DataSource.swift"; sourceTree = "<group>"; };
		03BAC0FC2753CE3C00A34E9C /* UserGroupVC+Deligate.swift */ = {isa = PBXFileReference; lastKnownFileType = sourcecode.swift; path = "UserGroupVC+Deligate.swift"; sourceTree = "<group>"; };
		03BAC0FE2753D1C100A34E9C /* AllGroupsVC+DataSource.swift */ = {isa = PBXFileReference; lastKnownFileType = sourcecode.swift; path = "AllGroupsVC+DataSource.swift"; sourceTree = "<group>"; };
		03BAC1002753D1D000A34E9C /* AllGroupsVC+Deligate.swift */ = {isa = PBXFileReference; lastKnownFileType = sourcecode.swift; path = "AllGroupsVC+Deligate.swift"; sourceTree = "<group>"; };
		03C7106C27410AC20000159F /* VK Sans.ttf */ = {isa = PBXFileReference; lastKnownFileType = file; path = "VK Sans.ttf"; sourceTree = "<group>"; };
		03C7108127412DB70000159F /* LoginScreenViewController.swift */ = {isa = PBXFileReference; lastKnownFileType = sourcecode.swift; path = LoginScreenViewController.swift; sourceTree = "<group>"; };
		03EFDBF22794376A0032A6D3 /* UIImage+Resize.swift */ = {isa = PBXFileReference; fileEncoding = 4; lastKnownFileType = sourcecode.swift; path = "UIImage+Resize.swift"; sourceTree = "<group>"; };
		03F0462427612527000DBC23 /* FriendsVC+SearchBar+Delegate.swift */ = {isa = PBXFileReference; lastKnownFileType = sourcecode.swift; path = "FriendsVC+SearchBar+Delegate.swift"; sourceTree = "<group>"; };
		550884F0547CBF9BFE06C9A5 /* Pods-VKInterface.release.xcconfig */ = {isa = PBXFileReference; includeInIndex = 1; lastKnownFileType = text.xcconfig; name = "Pods-VKInterface.release.xcconfig"; path = "Target Support Files/Pods-VKInterface/Pods-VKInterface.release.xcconfig"; sourceTree = "<group>"; };
		60F8B0357A991A878D61B2B3 /* Pods_VKInterface.framework */ = {isa = PBXFileReference; explicitFileType = wrapper.framework; includeInIndex = 0; path = Pods_VKInterface.framework; sourceTree = BUILT_PRODUCTS_DIR; };
		C9643AED1E70EF37C89F1D1A /* Pods-VKInterface.debug.xcconfig */ = {isa = PBXFileReference; includeInIndex = 1; lastKnownFileType = text.xcconfig; name = "Pods-VKInterface.debug.xcconfig"; path = "Target Support Files/Pods-VKInterface/Pods-VKInterface.debug.xcconfig"; sourceTree = "<group>"; };
/* End PBXFileReference section */

/* Begin PBXFrameworksBuildPhase section */
		033F1FAE2741035C00C20077 /* Frameworks */ = {
			isa = PBXFrameworksBuildPhase;
			buildActionMask = 2147483647;
			files = (
				03CEE61B2794399300B2CF34 /* RealmSwift in Frameworks */,
				0393727F2794335E004C23A1 /* SwiftyJSON in Frameworks */,
				03DBFAF927942BCE0088F34E /* Kingfisher in Frameworks */,
				03DBFAF627942BB30088F34E /* Alamofire in Frameworks */,
				0393727B2794334A004C23A1 /* Pods_VKInterface.framework in Frameworks */,
				03CEE6192794399300B2CF34 /* Realm in Frameworks */,
			);
			runOnlyForDeploymentPostprocessing = 0;
		};
/* End PBXFrameworksBuildPhase section */

/* Begin PBXGroup section */
		030F6309276137070069425F /* News */ = {
			isa = PBXGroup;
			children = (
				030F630A276137130069425F /* NewsViewController.swift */,
			);
			path = News;
			sourceTree = "<group>";
		};
		030F630C2764D63C0069425F /* Custom */ = {
			isa = PBXGroup;
			children = (
				03370C932756B13B0056B659 /* Cells */,
				03BAC0D62753930900A34E9C /* TableView */,
				035176062767D1BB0039CD04 /* CustomAnimationOpener.swift */,
			);
			path = Custom;
			sourceTree = "<group>";
		};
		031AE0A0275CD7410036A9C3 /* LikeController */ = {
			isa = PBXGroup;
			children = (
				031AE0A1275CD7670036A9C3 /* LikeController.swift */,
				031AE0A5275CE8F00036A9C3 /* LikeController.xib */,
			);
			path = LikeController;
			sourceTree = "<group>";
		};
		03370C8E2756AF1A0056B659 /* GalleryViewController */ = {
			isa = PBXGroup;
			children = (
				03370C8C2756AE220056B659 /* GalleryViewController.swift */,
				03370C982756B8EE0056B659 /* GalleryVC+UICollectionViewDelegateFlowLayout.swift */,
				03370C9A2756BACE0056B659 /* GalleryVC+Delegate.swift */,
				03370C912756AF990056B659 /* GalleryVC+SourceData.swift */,
			);
			path = GalleryViewController;
			sourceTree = "<group>";
		};
		03370C932756B13B0056B659 /* Cells */ = {
			isa = PBXGroup;
			children = (
				03370C942756B1650056B659 /* GalleryCell.swift */,
				03370C952756B1650056B659 /* GalleryCell.xib */,
			);
			path = Cells;
			sourceTree = "<group>";
		};
		03370C9C2757AB280056B659 /* BigUsersGallery */ = {
			isa = PBXGroup;
			children = (
				03370C9F2757ABF40056B659 /* UserGalleryBigPicture.swift */,
				03370CA12757AF270056B659 /* UserGalleryBigPictureVC+SourceData.swift */,
			);
			path = BigUsersGallery;
			sourceTree = "<group>";
		};
		0339BB112771F13000189098 /* SigletonVC */ = {
			isa = PBXGroup;
			children = (
				0339BB122771F15300189098 /* SingletonViewController.swift */,
			);
			path = SigletonVC;
			sourceTree = "<group>";
		};
		033F1FA82741035C00C20077 = {
			isa = PBXGroup;
			children = (
				033F1FB32741035C00C20077 /* VKInterface */,
				033F1FB22741035C00C20077 /* Products */,
				C2D5C08637705D1019FD855C /* Pods */,
				F85A4583F5B7E4B4432BA3D7 /* Frameworks */,
			);
			sourceTree = "<group>";
		};
		033F1FB22741035C00C20077 /* Products */ = {
			isa = PBXGroup;
			children = (
				033F1FB12741035C00C20077 /* VKInterface.app */,
			);
			name = Products;
			sourceTree = "<group>";
		};
		033F1FB32741035C00C20077 /* VKInterface */ = {
			isa = PBXGroup;
			children = (
				03EFDBF1279437300032A6D3 /* Extensions */,
				039FCC5727760D05007AD9D8 /* NetworkServices */,
				033F1FB42741035C00C20077 /* AppDelegate.swift */,
				033F1FB62741035C00C20077 /* SceneDelegate.swift */,
				033F1FB82741035C00C20077 /* ViewController.swift */,
				033F1FBA2741035C00C20077 /* Main.storyboard */,
				031AE0A0275CD7410036A9C3 /* LikeController */,
				03BAC0E5275399AD00A34E9C /* Model */,
				030F630C2764D63C0069425F /* Custom */,
				03BAC0D5275392DB00A34E9C /* Controllers */,
				033F1FBD2741035C00C20077 /* Assets.xcassets */,
				033F1FC22741035C00C20077 /* Info.plist */,
				03C7106F27410AE80000159F /* Fonts */,
			);
			path = VKInterface;
			sourceTree = "<group>";
		};
		039FCC522775DDC6007AD9D8 /* VKLoginVC */ = {
			isa = PBXGroup;
			children = (
				039FCC502775DA0F007AD9D8 /* VKLoginScreenVC.swift */,
				039FCC532775DDE5007AD9D8 /* VKLoginVC+WebViewDelegate.swift */,
			);
			path = VKLoginVC;
			sourceTree = "<group>";
		};
		039FCC552775E36C007AD9D8 /* LoginScreenVC */ = {
			isa = PBXGroup;
			children = (
				03C7108127412DB70000159F /* LoginScreenViewController.swift */,
			);
			path = LoginScreenVC;
			sourceTree = "<group>";
		};
		039FCC562775E37A007AD9D8 /* AddFriendsVC */ = {
			isa = PBXGroup;
			children = (
				03BAC0EE2753B99A00A34E9C /* AddFriendViewController.swift */,
			);
			path = AddFriendsVC;
			sourceTree = "<group>";
		};
		039FCC5727760D05007AD9D8 /* NetworkServices */ = {
			isa = PBXGroup;
			children = (
				0393725F27942FF3004C23A1 /* vkprintDataToConsole.swift */,
				0393725D27942FCE004C23A1 /* RealmServices.swift */,
				037E700A278453C60093D88B /* NetworkServicesVK.swift */,
			);
			path = NetworkServices;
			sourceTree = "<group>";
		};
		039FCC5A2779FBE6007AD9D8 /* ObserverVC */ = {
			isa = PBXGroup;
			children = (
				039FCC5B2779FBF8007AD9D8 /* ObserverVC.swift */,
			);
			path = ObserverVC;
			sourceTree = "<group>";
		};
		03BAC0D12753924800A34E9C /* FriendsViewContoroller */ = {
			isa = PBXGroup;
			children = (
				03BAC0D22753927B00A34E9C /* FriendsViewController.swift */,
				03BAC0E3275397ED00A34E9C /* FriendsVC+UITableViewDataSource.swift */,
				03BAC0EA27539E9F00A34E9C /* FriendsVC+Delegate.swift */,
				03F0462427612527000DBC23 /* FriendsVC+SearchBar+Delegate.swift */,
			);
			path = FriendsViewContoroller;
			sourceTree = "<group>";
		};
		03BAC0D5275392DB00A34E9C /* Controllers */ = {
			isa = PBXGroup;
			children = (
				039FCC5A2779FBE6007AD9D8 /* ObserverVC */,
				0339BB112771F13000189098 /* SigletonVC */,
				030F6309276137070069425F /* News */,
				03F0462627613424000DBC23 /* LaunchScreen */,
				03370C9C2757AB280056B659 /* BigUsersGallery */,
				03370C8E2756AF1A0056B659 /* GalleryViewController */,
				03BAC0ED2753B81700A34E9C /* AllGroupsViewController */,
				03BAC0EC2753B80C00A34E9C /* GroupViewController */,
				03BAC0D12753924800A34E9C /* FriendsViewContoroller */,
				039FCC552775E36C007AD9D8 /* LoginScreenVC */,
				039FCC522775DDC6007AD9D8 /* VKLoginVC */,
				039FCC562775E37A007AD9D8 /* AddFriendsVC */,
			);
			path = Controllers;
			sourceTree = "<group>";
		};
		03BAC0D62753930900A34E9C /* TableView */ = {
			isa = PBXGroup;
			children = (
				03BAC0DF2753940100A34E9C /* CustomTableViewCell.swift */,
				03BAC0E02753940100A34E9C /* CustomTableViewCell.xib */,
			);
			path = TableView;
			sourceTree = "<group>";
		};
		03BAC0E5275399AD00A34E9C /* Model */ = {
			isa = PBXGroup;
			children = (
				03937265279430D0004C23A1 /* Constants.swift */,
				03937264279430D0004C23A1 /* Friends.swift */,
				03937266279430D0004C23A1 /* Groups.swift */,
				03937261279430D0004C23A1 /* Photo.swift */,
				03937262279430D0004C23A1 /* Session.swift */,
				03937263279430D0004C23A1 /* Users.swift */,
			);
			path = Model;
			sourceTree = "<group>";
		};
		03BAC0EC2753B80C00A34E9C /* GroupViewController */ = {
			isa = PBXGroup;
			children = (
				03BAC0F42753CD5E00A34E9C /* UserGroupViewController.swift */,
				035176042767D0C40039CD04 /* UserGroupVC+NavigationControllerDeligate.swift */,
				03BAC0FA2753CE2D00A34E9C /* UserGroupVC+DataSource.swift */,
				03BAC0FC2753CE3C00A34E9C /* UserGroupVC+Deligate.swift */,
			);
			path = GroupViewController;
			sourceTree = "<group>";
		};
		03BAC0ED2753B81700A34E9C /* AllGroupsViewController */ = {
			isa = PBXGroup;
			children = (
				03BAC0F62753CD6C00A34E9C /* AllGroupsViewController.swift */,
				03BAC0FE2753D1C100A34E9C /* AllGroupsVC+DataSource.swift */,
				03BAC1002753D1D000A34E9C /* AllGroupsVC+Deligate.swift */,
			);
			path = AllGroupsViewController;
			sourceTree = "<group>";
		};
		03C7106F27410AE80000159F /* Fonts */ = {
			isa = PBXGroup;
			children = (
				03C7106C27410AC20000159F /* VK Sans.ttf */,
			);
			path = Fonts;
			sourceTree = "<group>";
		};
		03EFDBF1279437300032A6D3 /* Extensions */ = {
			isa = PBXGroup;
			children = (
				03EFDBF22794376A0032A6D3 /* UIImage+Resize.swift */,
			);
			path = Extensions;
			sourceTree = "<group>";
		};
		03F0462627613424000DBC23 /* LaunchScreen */ = {
			isa = PBXGroup;
			children = (
				033F1FBF2741035C00C20077 /* LaunchScreen.storyboard */,
			);
			path = LaunchScreen;
			sourceTree = "<group>";
		};
		C2D5C08637705D1019FD855C /* Pods */ = {
			isa = PBXGroup;
			children = (
				C9643AED1E70EF37C89F1D1A /* Pods-VKInterface.debug.xcconfig */,
				550884F0547CBF9BFE06C9A5 /* Pods-VKInterface.release.xcconfig */,
			);
			path = Pods;
			sourceTree = "<group>";
		};
		F85A4583F5B7E4B4432BA3D7 /* Frameworks */ = {
			isa = PBXGroup;
			children = (
				60F8B0357A991A878D61B2B3 /* Pods_VKInterface.framework */,
			);
			name = Frameworks;
			sourceTree = "<group>";
		};
/* End PBXGroup section */

/* Begin PBXNativeTarget section */
		033F1FB02741035C00C20077 /* VKInterface */ = {
			isa = PBXNativeTarget;
			buildConfigurationList = 033F1FC52741035C00C20077 /* Build configuration list for PBXNativeTarget "VKInterface" */;
			buildPhases = (
				EE80A721907A0C237A2A607B /* [CP] Check Pods Manifest.lock */,
				033F1FAD2741035C00C20077 /* Sources */,
				033F1FAE2741035C00C20077 /* Frameworks */,
				033F1FAF2741035C00C20077 /* Resources */,
				7707DEA676EF737C245DED5F /* [CP] Embed Pods Frameworks */,
			);
			buildRules = (
			);
			dependencies = (
			);
			name = VKInterface;
			packageProductDependencies = (
				03DBFAF527942BB30088F34E /* Alamofire */,
				03DBFAF827942BCE0088F34E /* Kingfisher */,
				0393727E2794335E004C23A1 /* SwiftyJSON */,
				03CEE6182794399300B2CF34 /* Realm */,
				03CEE61A2794399300B2CF34 /* RealmSwift */,
			);
			productName = VKInterface;
			productReference = 033F1FB12741035C00C20077 /* VKInterface.app */;
			productType = "com.apple.product-type.application";
		};
/* End PBXNativeTarget section */

/* Begin PBXProject section */
		033F1FA92741035C00C20077 /* Project object */ = {
			isa = PBXProject;
			attributes = {
				BuildIndependentTargetsInParallel = 1;
				LastSwiftUpdateCheck = 1310;
				LastUpgradeCheck = 1310;
				TargetAttributes = {
					033F1FB02741035C00C20077 = {
						CreatedOnToolsVersion = 13.1;
					};
				};
			};
			buildConfigurationList = 033F1FAC2741035C00C20077 /* Build configuration list for PBXProject "VKInterface" */;
			compatibilityVersion = "Xcode 13.0";
			developmentRegion = en;
			hasScannedForEncodings = 0;
			knownRegions = (
				en,
				Base,
			);
			mainGroup = 033F1FA82741035C00C20077;
			packageReferences = (
				03DBFAF427942BB30088F34E /* XCRemoteSwiftPackageReference "Alamofire" */,
				03DBFAF727942BCE0088F34E /* XCRemoteSwiftPackageReference "Kingfisher" */,
				03937273279432D4004C23A1 /* XCRemoteSwiftPackageReference "SwiftyJSON" */,
				03CEE6172794399300B2CF34 /* XCRemoteSwiftPackageReference "realm-swift" */,
			);
			productRefGroup = 033F1FB22741035C00C20077 /* Products */;
			projectDirPath = "";
			projectRoot = "";
			targets = (
				033F1FB02741035C00C20077 /* VKInterface */,
			);
		};
/* End PBXProject section */

/* Begin PBXResourcesBuildPhase section */
		033F1FAF2741035C00C20077 /* Resources */ = {
			isa = PBXResourcesBuildPhase;
			buildActionMask = 2147483647;
			files = (
				033F1FC12741035C00C20077 /* LaunchScreen.storyboard in Resources */,
				033F1FBE2741035C00C20077 /* Assets.xcassets in Resources */,
				03C7106D27410AC20000159F /* VK Sans.ttf in Resources */,
				03BAC0E22753940100A34E9C /* CustomTableViewCell.xib in Resources */,
				031AE0A6275CE8F00036A9C3 /* LikeController.xib in Resources */,
				03370C972756B1660056B659 /* GalleryCell.xib in Resources */,
				033F1FBC2741035C00C20077 /* Main.storyboard in Resources */,
			);
			runOnlyForDeploymentPostprocessing = 0;
		};
/* End PBXResourcesBuildPhase section */

/* Begin PBXShellScriptBuildPhase section */
		7707DEA676EF737C245DED5F /* [CP] Embed Pods Frameworks */ = {
			isa = PBXShellScriptBuildPhase;
			buildActionMask = 2147483647;
			files = (
			);
			inputFileListPaths = (
				"${PODS_ROOT}/Target Support Files/Pods-VKInterface/Pods-VKInterface-frameworks-${CONFIGURATION}-input-files.xcfilelist",
			);
			name = "[CP] Embed Pods Frameworks";
			outputFileListPaths = (
				"${PODS_ROOT}/Target Support Files/Pods-VKInterface/Pods-VKInterface-frameworks-${CONFIGURATION}-output-files.xcfilelist",
			);
			runOnlyForDeploymentPostprocessing = 0;
			shellPath = /bin/sh;
			shellScript = "\"${PODS_ROOT}/Target Support Files/Pods-VKInterface/Pods-VKInterface-frameworks.sh\"\n";
			showEnvVarsInLog = 0;
		};
		EE80A721907A0C237A2A607B /* [CP] Check Pods Manifest.lock */ = {
			isa = PBXShellScriptBuildPhase;
			buildActionMask = 2147483647;
			files = (
			);
			inputFileListPaths = (
			);
			inputPaths = (
				"${PODS_PODFILE_DIR_PATH}/Podfile.lock",
				"${PODS_ROOT}/Manifest.lock",
			);
			name = "[CP] Check Pods Manifest.lock";
			outputFileListPaths = (
			);
			outputPaths = (
				"$(DERIVED_FILE_DIR)/Pods-VKInterface-checkManifestLockResult.txt",
			);
			runOnlyForDeploymentPostprocessing = 0;
			shellPath = /bin/sh;
			shellScript = "diff \"${PODS_PODFILE_DIR_PATH}/Podfile.lock\" \"${PODS_ROOT}/Manifest.lock\" > /dev/null\nif [ $? != 0 ] ; then\n    # print error to STDERR\n    echo \"error: The sandbox is not in sync with the Podfile.lock. Run 'pod install' or update your CocoaPods installation.\" >&2\n    exit 1\nfi\n# This output is used by Xcode 'outputs' to avoid re-running this script phase.\necho \"SUCCESS\" > \"${SCRIPT_OUTPUT_FILE_0}\"\n";
			showEnvVarsInLog = 0;
		};
/* End PBXShellScriptBuildPhase section */

/* Begin PBXSourcesBuildPhase section */
		033F1FAD2741035C00C20077 /* Sources */ = {
			isa = PBXSourcesBuildPhase;
			buildActionMask = 2147483647;
			files = (
				03370CA02757ABF40056B659 /* UserGalleryBigPicture.swift in Sources */,
				03937267279430D0004C23A1 /* Photo.swift in Sources */,
				03BAC0E12753940100A34E9C /* CustomTableViewCell.swift in Sources */,
				0393726A279430D0004C23A1 /* Friends.swift in Sources */,
				039FCC5C2779FBF8007AD9D8 /* ObserverVC.swift in Sources */,
				03BAC0FB2753CE2D00A34E9C /* UserGroupVC+DataSource.swift in Sources */,
				030F630B276137130069425F /* NewsViewController.swift in Sources */,
				035176052767D0C40039CD04 /* UserGroupVC+NavigationControllerDeligate.swift in Sources */,
				0393725E27942FCE004C23A1 /* RealmServices.swift in Sources */,
				033F1FB92741035C00C20077 /* ViewController.swift in Sources */,
				03BAC0D32753927B00A34E9C /* FriendsViewController.swift in Sources */,
				03370C922756AF990056B659 /* GalleryVC+SourceData.swift in Sources */,
				03BAC1012753D1D000A34E9C /* AllGroupsVC+Deligate.swift in Sources */,
				039FCC542775DDE5007AD9D8 /* VKLoginVC+WebViewDelegate.swift in Sources */,
				03BAC0F52753CD5E00A34E9C /* UserGroupViewController.swift in Sources */,
				03BAC0F72753CD6C00A34E9C /* AllGroupsViewController.swift in Sources */,
				033F1FB52741035C00C20077 /* AppDelegate.swift in Sources */,
				0393726027942FF3004C23A1 /* vkprintDataToConsole.swift in Sources */,
				03C7108227412DB70000159F /* LoginScreenViewController.swift in Sources */,
				03BAC0FD2753CE3C00A34E9C /* UserGroupVC+Deligate.swift in Sources */,
				03BAC0E4275397ED00A34E9C /* FriendsVC+UITableViewDataSource.swift in Sources */,
				03937269279430D0004C23A1 /* Users.swift in Sources */,
				0393726B279430D0004C23A1 /* Constants.swift in Sources */,
				03BAC0EB27539E9F00A34E9C /* FriendsVC+Delegate.swift in Sources */,
				03BAC0EF2753B99A00A34E9C /* AddFriendViewController.swift in Sources */,
				03370CA22757AF270056B659 /* UserGalleryBigPictureVC+SourceData.swift in Sources */,
				03370C992756B8EE0056B659 /* GalleryVC+UICollectionViewDelegateFlowLayout.swift in Sources */,
				031AE0A2275CD7670036A9C3 /* LikeController.swift in Sources */,
				03370C9B2756BACE0056B659 /* GalleryVC+Delegate.swift in Sources */,
				0339BB132771F15300189098 /* SingletonViewController.swift in Sources */,
				037E700B278453C60093D88B /* NetworkServicesVK.swift in Sources */,
				03937268279430D0004C23A1 /* Session.swift in Sources */,
				03370C962756B1650056B659 /* GalleryCell.swift in Sources */,
				035176072767D1BB0039CD04 /* CustomAnimationOpener.swift in Sources */,
				03EFDBF32794376A0032A6D3 /* UIImage+Resize.swift in Sources */,
				03BAC0FF2753D1C100A34E9C /* AllGroupsVC+DataSource.swift in Sources */,
				03370C8D2756AE220056B659 /* GalleryViewController.swift in Sources */,
				03F0462527612527000DBC23 /* FriendsVC+SearchBar+Delegate.swift in Sources */,
				033F1FB72741035C00C20077 /* SceneDelegate.swift in Sources */,
				039FCC512775DA0F007AD9D8 /* VKLoginScreenVC.swift in Sources */,
				0393726C279430D0004C23A1 /* Groups.swift in Sources */,
			);
			runOnlyForDeploymentPostprocessing = 0;
		};
/* End PBXSourcesBuildPhase section */

/* Begin PBXVariantGroup section */
		033F1FBA2741035C00C20077 /* Main.storyboard */ = {
			isa = PBXVariantGroup;
			children = (
				033F1FBB2741035C00C20077 /* Base */,
			);
			name = Main.storyboard;
			sourceTree = "<group>";
		};
		033F1FBF2741035C00C20077 /* LaunchScreen.storyboard */ = {
			isa = PBXVariantGroup;
			children = (
				033F1FC02741035C00C20077 /* Base */,
			);
			name = LaunchScreen.storyboard;
			sourceTree = "<group>";
		};
/* End PBXVariantGroup section */

/* Begin XCBuildConfiguration section */
		033F1FC32741035C00C20077 /* Debug */ = {
			isa = XCBuildConfiguration;
			buildSettings = {
				ALWAYS_SEARCH_USER_PATHS = NO;
				CLANG_ANALYZER_NONNULL = YES;
				CLANG_ANALYZER_NUMBER_OBJECT_CONVERSION = YES_AGGRESSIVE;
				CLANG_CXX_LANGUAGE_STANDARD = "gnu++17";
				CLANG_CXX_LIBRARY = "libc++";
				CLANG_ENABLE_MODULES = YES;
				CLANG_ENABLE_OBJC_ARC = YES;
				CLANG_ENABLE_OBJC_WEAK = YES;
				CLANG_WARN_BLOCK_CAPTURE_AUTORELEASING = YES;
				CLANG_WARN_BOOL_CONVERSION = YES;
				CLANG_WARN_COMMA = YES;
				CLANG_WARN_CONSTANT_CONVERSION = YES;
				CLANG_WARN_DEPRECATED_OBJC_IMPLEMENTATIONS = YES;
				CLANG_WARN_DIRECT_OBJC_ISA_USAGE = YES_ERROR;
				CLANG_WARN_DOCUMENTATION_COMMENTS = YES;
				CLANG_WARN_EMPTY_BODY = YES;
				CLANG_WARN_ENUM_CONVERSION = YES;
				CLANG_WARN_INFINITE_RECURSION = YES;
				CLANG_WARN_INT_CONVERSION = YES;
				CLANG_WARN_NON_LITERAL_NULL_CONVERSION = YES;
				CLANG_WARN_OBJC_IMPLICIT_RETAIN_SELF = YES;
				CLANG_WARN_OBJC_LITERAL_CONVERSION = YES;
				CLANG_WARN_OBJC_ROOT_CLASS = YES_ERROR;
				CLANG_WARN_QUOTED_INCLUDE_IN_FRAMEWORK_HEADER = YES;
				CLANG_WARN_RANGE_LOOP_ANALYSIS = YES;
				CLANG_WARN_STRICT_PROTOTYPES = YES;
				CLANG_WARN_SUSPICIOUS_MOVE = YES;
				CLANG_WARN_UNGUARDED_AVAILABILITY = YES_AGGRESSIVE;
				CLANG_WARN_UNREACHABLE_CODE = YES;
				CLANG_WARN__DUPLICATE_METHOD_MATCH = YES;
				COPY_PHASE_STRIP = NO;
				DEBUG_INFORMATION_FORMAT = dwarf;
				ENABLE_STRICT_OBJC_MSGSEND = YES;
				ENABLE_TESTABILITY = YES;
				GCC_C_LANGUAGE_STANDARD = gnu11;
				GCC_DYNAMIC_NO_PIC = NO;
				GCC_NO_COMMON_BLOCKS = YES;
				GCC_OPTIMIZATION_LEVEL = 0;
				GCC_PREPROCESSOR_DEFINITIONS = (
					"DEBUG=1",
					"$(inherited)",
				);
				GCC_WARN_64_TO_32_BIT_CONVERSION = YES;
				GCC_WARN_ABOUT_RETURN_TYPE = YES_ERROR;
				GCC_WARN_UNDECLARED_SELECTOR = YES;
				GCC_WARN_UNINITIALIZED_AUTOS = YES_AGGRESSIVE;
				GCC_WARN_UNUSED_FUNCTION = YES;
				GCC_WARN_UNUSED_VARIABLE = YES;
				IPHONEOS_DEPLOYMENT_TARGET = 15.0;
				MTL_ENABLE_DEBUG_INFO = INCLUDE_SOURCE;
				MTL_FAST_MATH = YES;
				ONLY_ACTIVE_ARCH = YES;
				SDKROOT = iphoneos;
				SWIFT_ACTIVE_COMPILATION_CONDITIONS = DEBUG;
				SWIFT_OPTIMIZATION_LEVEL = "-Onone";
			};
			name = Debug;
		};
		033F1FC42741035C00C20077 /* Release */ = {
			isa = XCBuildConfiguration;
			buildSettings = {
				ALWAYS_SEARCH_USER_PATHS = NO;
				CLANG_ANALYZER_NONNULL = YES;
				CLANG_ANALYZER_NUMBER_OBJECT_CONVERSION = YES_AGGRESSIVE;
				CLANG_CXX_LANGUAGE_STANDARD = "gnu++17";
				CLANG_CXX_LIBRARY = "libc++";
				CLANG_ENABLE_MODULES = YES;
				CLANG_ENABLE_OBJC_ARC = YES;
				CLANG_ENABLE_OBJC_WEAK = YES;
				CLANG_WARN_BLOCK_CAPTURE_AUTORELEASING = YES;
				CLANG_WARN_BOOL_CONVERSION = YES;
				CLANG_WARN_COMMA = YES;
				CLANG_WARN_CONSTANT_CONVERSION = YES;
				CLANG_WARN_DEPRECATED_OBJC_IMPLEMENTATIONS = YES;
				CLANG_WARN_DIRECT_OBJC_ISA_USAGE = YES_ERROR;
				CLANG_WARN_DOCUMENTATION_COMMENTS = YES;
				CLANG_WARN_EMPTY_BODY = YES;
				CLANG_WARN_ENUM_CONVERSION = YES;
				CLANG_WARN_INFINITE_RECURSION = YES;
				CLANG_WARN_INT_CONVERSION = YES;
				CLANG_WARN_NON_LITERAL_NULL_CONVERSION = YES;
				CLANG_WARN_OBJC_IMPLICIT_RETAIN_SELF = YES;
				CLANG_WARN_OBJC_LITERAL_CONVERSION = YES;
				CLANG_WARN_OBJC_ROOT_CLASS = YES_ERROR;
				CLANG_WARN_QUOTED_INCLUDE_IN_FRAMEWORK_HEADER = YES;
				CLANG_WARN_RANGE_LOOP_ANALYSIS = YES;
				CLANG_WARN_STRICT_PROTOTYPES = YES;
				CLANG_WARN_SUSPICIOUS_MOVE = YES;
				CLANG_WARN_UNGUARDED_AVAILABILITY = YES_AGGRESSIVE;
				CLANG_WARN_UNREACHABLE_CODE = YES;
				CLANG_WARN__DUPLICATE_METHOD_MATCH = YES;
				COPY_PHASE_STRIP = NO;
				DEBUG_INFORMATION_FORMAT = "dwarf-with-dsym";
				ENABLE_NS_ASSERTIONS = NO;
				ENABLE_STRICT_OBJC_MSGSEND = YES;
				GCC_C_LANGUAGE_STANDARD = gnu11;
				GCC_NO_COMMON_BLOCKS = YES;
				GCC_WARN_64_TO_32_BIT_CONVERSION = YES;
				GCC_WARN_ABOUT_RETURN_TYPE = YES_ERROR;
				GCC_WARN_UNDECLARED_SELECTOR = YES;
				GCC_WARN_UNINITIALIZED_AUTOS = YES_AGGRESSIVE;
				GCC_WARN_UNUSED_FUNCTION = YES;
				GCC_WARN_UNUSED_VARIABLE = YES;
				IPHONEOS_DEPLOYMENT_TARGET = 15.0;
				MTL_ENABLE_DEBUG_INFO = NO;
				MTL_FAST_MATH = YES;
				SDKROOT = iphoneos;
				SWIFT_COMPILATION_MODE = wholemodule;
				SWIFT_OPTIMIZATION_LEVEL = "-O";
				VALIDATE_PRODUCT = YES;
			};
			name = Release;
		};
		033F1FC62741035C00C20077 /* Debug */ = {
			isa = XCBuildConfiguration;
			baseConfigurationReference = C9643AED1E70EF37C89F1D1A /* Pods-VKInterface.debug.xcconfig */;
			buildSettings = {
				ASSETCATALOG_COMPILER_APPICON_NAME = AppIcon;
				ASSETCATALOG_COMPILER_GLOBAL_ACCENT_COLOR_NAME = AccentColor;
				CODE_SIGN_STYLE = Automatic;
				CURRENT_PROJECT_VERSION = 1;
				DEVELOPMENT_TEAM = 2S2R367ACQ;
				GENERATE_INFOPLIST_FILE = YES;
				INFOPLIST_FILE = VKInterface/Info.plist;
				INFOPLIST_KEY_UIApplicationSupportsIndirectInputEvents = YES;
				INFOPLIST_KEY_UILaunchStoryboardName = LaunchScreen;
				INFOPLIST_KEY_UIMainStoryboardFile = Main;
				INFOPLIST_KEY_UISupportedInterfaceOrientations = "UIInterfaceOrientationPortrait UIInterfaceOrientationPortraitUpsideDown UIInterfaceOrientationLandscapeLeft UIInterfaceOrientationLandscapeRight";
				INFOPLIST_KEY_UISupportedInterfaceOrientations_iPad = "UIInterfaceOrientationPortrait UIInterfaceOrientationPortraitUpsideDown UIInterfaceOrientationLandscapeLeft UIInterfaceOrientationLandscapeRight";
				INFOPLIST_KEY_UISupportedInterfaceOrientations_iPhone = "UIInterfaceOrientationPortrait UIInterfaceOrientationLandscapeLeft UIInterfaceOrientationLandscapeRight";
				LD_RUNPATH_SEARCH_PATHS = (
					"$(inherited)",
					"@executable_path/Frameworks",
				);
				MARKETING_VERSION = 1.0;
				PRODUCT_BUNDLE_IDENTIFIER = IvanOkhota.VKInterface;
				PRODUCT_NAME = "$(TARGET_NAME)";
				SWIFT_EMIT_LOC_STRINGS = YES;
				SWIFT_VERSION = 5.0;
				TARGETED_DEVICE_FAMILY = "1,2";
			};
			name = Debug;
		};
		033F1FC72741035C00C20077 /* Release */ = {
			isa = XCBuildConfiguration;
			baseConfigurationReference = 550884F0547CBF9BFE06C9A5 /* Pods-VKInterface.release.xcconfig */;
			buildSettings = {
				ASSETCATALOG_COMPILER_APPICON_NAME = AppIcon;
				ASSETCATALOG_COMPILER_GLOBAL_ACCENT_COLOR_NAME = AccentColor;
				CODE_SIGN_STYLE = Automatic;
				CURRENT_PROJECT_VERSION = 1;
				DEVELOPMENT_TEAM = 2S2R367ACQ;
				GENERATE_INFOPLIST_FILE = YES;
				INFOPLIST_FILE = VKInterface/Info.plist;
				INFOPLIST_KEY_UIApplicationSupportsIndirectInputEvents = YES;
				INFOPLIST_KEY_UILaunchStoryboardName = LaunchScreen;
				INFOPLIST_KEY_UIMainStoryboardFile = Main;
				INFOPLIST_KEY_UISupportedInterfaceOrientations = "UIInterfaceOrientationPortrait UIInterfaceOrientationPortraitUpsideDown UIInterfaceOrientationLandscapeLeft UIInterfaceOrientationLandscapeRight";
				INFOPLIST_KEY_UISupportedInterfaceOrientations_iPad = "UIInterfaceOrientationPortrait UIInterfaceOrientationPortraitUpsideDown UIInterfaceOrientationLandscapeLeft UIInterfaceOrientationLandscapeRight";
				INFOPLIST_KEY_UISupportedInterfaceOrientations_iPhone = "UIInterfaceOrientationPortrait UIInterfaceOrientationLandscapeLeft UIInterfaceOrientationLandscapeRight";
				LD_RUNPATH_SEARCH_PATHS = (
					"$(inherited)",
					"@executable_path/Frameworks",
				);
				MARKETING_VERSION = 1.0;
				PRODUCT_BUNDLE_IDENTIFIER = IvanOkhota.VKInterface;
				PRODUCT_NAME = "$(TARGET_NAME)";
				SWIFT_EMIT_LOC_STRINGS = YES;
				SWIFT_VERSION = 5.0;
				TARGETED_DEVICE_FAMILY = "1,2";
			};
			name = Release;
		};
/* End XCBuildConfiguration section */

/* Begin XCConfigurationList section */
		033F1FAC2741035C00C20077 /* Build configuration list for PBXProject "VKInterface" */ = {
			isa = XCConfigurationList;
			buildConfigurations = (
				033F1FC32741035C00C20077 /* Debug */,
				033F1FC42741035C00C20077 /* Release */,
			);
			defaultConfigurationIsVisible = 0;
			defaultConfigurationName = Release;
		};
		033F1FC52741035C00C20077 /* Build configuration list for PBXNativeTarget "VKInterface" */ = {
			isa = XCConfigurationList;
			buildConfigurations = (
				033F1FC62741035C00C20077 /* Debug */,
				033F1FC72741035C00C20077 /* Release */,
			);
			defaultConfigurationIsVisible = 0;
			defaultConfigurationName = Release;
		};
/* End XCConfigurationList section */

/* Begin XCRemoteSwiftPackageReference section */
		03937273279432D4004C23A1 /* XCRemoteSwiftPackageReference "SwiftyJSON" */ = {
			isa = XCRemoteSwiftPackageReference;
			repositoryURL = "https://github.com/SwiftyJSON/SwiftyJSON.git";
			requirement = {
				kind = upToNextMajorVersion;
				minimumVersion = 5.0.0;
			};
		};
		03CEE6172794399300B2CF34 /* XCRemoteSwiftPackageReference "realm-swift" */ = {
			isa = XCRemoteSwiftPackageReference;
			repositoryURL = "https://github.com/realm/realm-swift.git";
			requirement = {
				kind = upToNextMajorVersion;
				minimumVersion = 10.19.0;
			};
		};
		03DBFAF427942BB30088F34E /* XCRemoteSwiftPackageReference "Alamofire" */ = {
			isa = XCRemoteSwiftPackageReference;
			repositoryURL = "https://github.com/Alamofire/Alamofire.git";
			requirement = {
				kind = upToNextMajorVersion;
				minimumVersion = 5.0.0;
			};
		};
		03DBFAF727942BCE0088F34E /* XCRemoteSwiftPackageReference "Kingfisher" */ = {
			isa = XCRemoteSwiftPackageReference;
			repositoryURL = "https://github.com/onevcat/Kingfisher.git";
			requirement = {
				kind = upToNextMajorVersion;
				minimumVersion = 7.0.0;
			};
		};
/* End XCRemoteSwiftPackageReference section */

/* Begin XCSwiftPackageProductDependency section */
		0393727E2794335E004C23A1 /* SwiftyJSON */ = {
			isa = XCSwiftPackageProductDependency;
			package = 03937273279432D4004C23A1 /* XCRemoteSwiftPackageReference "SwiftyJSON" */;
			productName = SwiftyJSON;
		};
		03CEE6182794399300B2CF34 /* Realm */ = {
			isa = XCSwiftPackageProductDependency;
			package = 03CEE6172794399300B2CF34 /* XCRemoteSwiftPackageReference "realm-swift" */;
			productName = Realm;
		};
		03CEE61A2794399300B2CF34 /* RealmSwift */ = {
			isa = XCSwiftPackageProductDependency;
			package = 03CEE6172794399300B2CF34 /* XCRemoteSwiftPackageReference "realm-swift" */;
			productName = RealmSwift;
		};
		03DBFAF527942BB30088F34E /* Alamofire */ = {
			isa = XCSwiftPackageProductDependency;
			package = 03DBFAF427942BB30088F34E /* XCRemoteSwiftPackageReference "Alamofire" */;
			productName = Alamofire;
		};
		03DBFAF827942BCE0088F34E /* Kingfisher */ = {
			isa = XCSwiftPackageProductDependency;
			package = 03DBFAF727942BCE0088F34E /* XCRemoteSwiftPackageReference "Kingfisher" */;
			productName = Kingfisher;
		};
/* End XCSwiftPackageProductDependency section */
	};
	rootObject = 033F1FA92741035C00C20077 /* Project object */;
}
